// !$*UTF8*$!
{
	archiveVersion = 1;
	classes = {
	};
	objectVersion = 56;
	objects = {

/* Begin PBXBuildFile section */
		EE0210452BAEF3C800BF0A83 /* TabBar.swift in Sources */ = {isa = PBXBuildFile; fileRef = EE0210442BAEF3C800BF0A83 /* TabBar.swift */; };
		EE0210482BAEF5B800BF0A83 /* StyleExtensions.swift in Sources */ = {isa = PBXBuildFile; fileRef = EE0210472BAEF5B800BF0A83 /* StyleExtensions.swift */; };
		EE02104C2BAEF73C00BF0A83 /* Gordita Medium.otf in Resources */ = {isa = PBXBuildFile; fileRef = EE02104A2BAEF73C00BF0A83 /* Gordita Medium.otf */; };
		EE02104D2BAEF73C00BF0A83 /* Gordita Regular.otf in Resources */ = {isa = PBXBuildFile; fileRef = EE02104B2BAEF73C00BF0A83 /* Gordita Regular.otf */; };
		EE0210512BAF0EE000BF0A83 /* MenstruatinCardView.swift in Sources */ = {isa = PBXBuildFile; fileRef = EE0210502BAF0EE000BF0A83 /* MenstruatinCardView.swift */; };
		EE0210532BAF14B000BF0A83 /* MensturationHScrollView.swift in Sources */ = {isa = PBXBuildFile; fileRef = EE0210522BAF14B000BF0A83 /* MensturationHScrollView.swift */; };
		EE0210552BAF822800BF0A83 /* MensturationGeneralView.swift in Sources */ = {isa = PBXBuildFile; fileRef = EE0210542BAF822800BF0A83 /* MensturationGeneralView.swift */; };
		EE0210572BAF9F4200BF0A83 /* WarningView.swift in Sources */ = {isa = PBXBuildFile; fileRef = EE0210562BAF9F4200BF0A83 /* WarningView.swift */; };
		EE76AEB22BAEE519001EA16B /* ctrl_brstApp.swift in Sources */ = {isa = PBXBuildFile; fileRef = EE76AEB12BAEE519001EA16B /* ctrl_brstApp.swift */; };
		EE76AEB62BAEE51A001EA16B /* Assets.xcassets in Resources */ = {isa = PBXBuildFile; fileRef = EE76AEB52BAEE51A001EA16B /* Assets.xcassets */; };
		EE76AEB92BAEE51A001EA16B /* Preview Assets.xcassets in Resources */ = {isa = PBXBuildFile; fileRef = EE76AEB82BAEE51A001EA16B /* Preview Assets.xcassets */; };
		EE76AEC42BAEE8C8001EA16B /* Modal.swift in Sources */ = {isa = PBXBuildFile; fileRef = EE76AEC32BAEE8C8001EA16B /* Modal.swift */; };
		EE76AEC62BAEE8CF001EA16B /* Constants.swift in Sources */ = {isa = PBXBuildFile; fileRef = EE76AEC52BAEE8CF001EA16B /* Constants.swift */; };
		EE76AEC82BAEEE4A001EA16B /* HomeView.swift in Sources */ = {isa = PBXBuildFile; fileRef = EE76AEC72BAEEE4A001EA16B /* HomeView.swift */; };
		EE76AECA2BAEEE52001EA16B /* ExaminationsView.swift in Sources */ = {isa = PBXBuildFile; fileRef = EE76AEC92BAEEE52001EA16B /* ExaminationsView.swift */; };
		EE76AECC2BAEEF85001EA16B /* ContentView.swift in Sources */ = {isa = PBXBuildFile; fileRef = EE76AECB2BAEEF85001EA16B /* ContentView.swift */; };
/* End PBXBuildFile section */

/* Begin PBXFileReference section */
		EE0210442BAEF3C800BF0A83 /* TabBar.swift */ = {isa = PBXFileReference; lastKnownFileType = sourcecode.swift; path = TabBar.swift; sourceTree = "<group>"; };
		EE0210472BAEF5B800BF0A83 /* StyleExtensions.swift */ = {isa = PBXFileReference; lastKnownFileType = sourcecode.swift; path = StyleExtensions.swift; sourceTree = "<group>"; };
		EE02104A2BAEF73C00BF0A83 /* Gordita Medium.otf */ = {isa = PBXFileReference; lastKnownFileType = file; path = "Gordita Medium.otf"; sourceTree = "<group>"; };
		EE02104B2BAEF73C00BF0A83 /* Gordita Regular.otf */ = {isa = PBXFileReference; lastKnownFileType = file; path = "Gordita Regular.otf"; sourceTree = "<group>"; };
		EE02104E2BAEF74900BF0A83 /* ctrl-brst-Info.plist */ = {isa = PBXFileReference; lastKnownFileType = text.plist; path = "ctrl-brst-Info.plist"; sourceTree = SOURCE_ROOT; };
		EE0210502BAF0EE000BF0A83 /* MenstruatinCardView.swift */ = {isa = PBXFileReference; lastKnownFileType = sourcecode.swift; path = MenstruatinCardView.swift; sourceTree = "<group>"; };
		EE0210522BAF14B000BF0A83 /* MensturationHScrollView.swift */ = {isa = PBXFileReference; lastKnownFileType = sourcecode.swift; path = MensturationHScrollView.swift; sourceTree = "<group>"; };
		EE0210542BAF822800BF0A83 /* MensturationGeneralView.swift */ = {isa = PBXFileReference; lastKnownFileType = sourcecode.swift; path = MensturationGeneralView.swift; sourceTree = "<group>"; };
		EE0210562BAF9F4200BF0A83 /* WarningView.swift */ = {isa = PBXFileReference; lastKnownFileType = sourcecode.swift; path = WarningView.swift; sourceTree = "<group>"; };
		EE76AEAE2BAEE519001EA16B /* ctrl_brst.app */ = {isa = PBXFileReference; explicitFileType = wrapper.application; includeInIndex = 0; path = ctrl_brst.app; sourceTree = BUILT_PRODUCTS_DIR; };
		EE76AEB12BAEE519001EA16B /* ctrl_brstApp.swift */ = {isa = PBXFileReference; lastKnownFileType = sourcecode.swift; path = ctrl_brstApp.swift; sourceTree = "<group>"; };
		EE76AEB52BAEE51A001EA16B /* Assets.xcassets */ = {isa = PBXFileReference; lastKnownFileType = folder.assetcatalog; path = Assets.xcassets; sourceTree = "<group>"; };
		EE76AEB82BAEE51A001EA16B /* Preview Assets.xcassets */ = {isa = PBXFileReference; lastKnownFileType = folder.assetcatalog; path = "Preview Assets.xcassets"; sourceTree = "<group>"; };
		EE76AEC32BAEE8C8001EA16B /* Modal.swift */ = {isa = PBXFileReference; lastKnownFileType = sourcecode.swift; path = Modal.swift; sourceTree = "<group>"; };
		EE76AEC52BAEE8CF001EA16B /* Constants.swift */ = {isa = PBXFileReference; lastKnownFileType = sourcecode.swift; path = Constants.swift; sourceTree = "<group>"; };
		EE76AEC72BAEEE4A001EA16B /* HomeView.swift */ = {isa = PBXFileReference; lastKnownFileType = sourcecode.swift; path = HomeView.swift; sourceTree = "<group>"; };
		EE76AEC92BAEEE52001EA16B /* ExaminationsView.swift */ = {isa = PBXFileReference; lastKnownFileType = sourcecode.swift; path = ExaminationsView.swift; sourceTree = "<group>"; };
		EE76AECB2BAEEF85001EA16B /* ContentView.swift */ = {isa = PBXFileReference; lastKnownFileType = sourcecode.swift; path = ContentView.swift; sourceTree = "<group>"; };
/* End PBXFileReference section */

/* Begin PBXFrameworksBuildPhase section */
		EE76AEAB2BAEE519001EA16B /* Frameworks */ = {
			isa = PBXFrameworksBuildPhase;
			buildActionMask = 2147483647;
			files = (
			);
			runOnlyForDeploymentPostprocessing = 0;
		};
/* End PBXFrameworksBuildPhase section */

/* Begin PBXGroup section */
		EE0210462BAEF59100BF0A83 /* Extensions */ = {
			isa = PBXGroup;
			children = (
				EE0210472BAEF5B800BF0A83 /* StyleExtensions.swift */,
			);
			path = Extensions;
			sourceTree = "<group>";
		};
		EE0210492BAEF69500BF0A83 /* Fonts */ = {
			isa = PBXGroup;
			children = (
				EE02104A2BAEF73C00BF0A83 /* Gordita Medium.otf */,
				EE02104B2BAEF73C00BF0A83 /* Gordita Regular.otf */,
			);
			path = Fonts;
			sourceTree = "<group>";
		};
		EE02104F2BAF0EAE00BF0A83 /* Home */ = {
			isa = PBXGroup;
			children = (
				EE0210502BAF0EE000BF0A83 /* MenstruatinCardView.swift */,
				EE0210522BAF14B000BF0A83 /* MensturationHScrollView.swift */,
				EE0210542BAF822800BF0A83 /* MensturationGeneralView.swift */,
				EE0210562BAF9F4200BF0A83 /* WarningView.swift */,
			);
			path = Home;
			sourceTree = "<group>";
		};
		EE76AEA52BAEE519001EA16B = {
			isa = PBXGroup;
			children = (
				EE76AEB02BAEE519001EA16B /* ctrl_brst */,
				EE76AEAF2BAEE519001EA16B /* Products */,
			);
			sourceTree = "<group>";
		};
		EE76AEAF2BAEE519001EA16B /* Products */ = {
			isa = PBXGroup;
			children = (
				EE76AEAE2BAEE519001EA16B /* ctrl_brst.app */,
			);
			name = Products;
			sourceTree = "<group>";
		};
		EE76AEB02BAEE519001EA16B /* ctrl_brst */ = {
			isa = PBXGroup;
			children = (
				EE02104E2BAEF74900BF0A83 /* ctrl-brst-Info.plist */,
				EE76AEB12BAEE519001EA16B /* ctrl_brstApp.swift */,
				EE76AEC02BAEE745001EA16B /* Modal */,
				EE76AEC12BAEE74B001EA16B /* ViewModal */,
				EE76AEBF2BAEE73A001EA16B /* Views */,
				EE0210462BAEF59100BF0A83 /* Extensions */,
				EE0210492BAEF69500BF0A83 /* Fonts */,
				EE76AEB52BAEE51A001EA16B /* Assets.xcassets */,
				EE76AEB72BAEE51A001EA16B /* Preview Content */,
			);
			path = ctrl_brst;
			sourceTree = "<group>";
		};
		EE76AEB72BAEE51A001EA16B /* Preview Content */ = {
			isa = PBXGroup;
			children = (
				EE76AEB82BAEE51A001EA16B /* Preview Assets.xcassets */,
			);
			path = "Preview Content";
			sourceTree = "<group>";
		};
		EE76AEBF2BAEE73A001EA16B /* Views */ = {
			isa = PBXGroup;
			children = (
				EE76AECB2BAEEF85001EA16B /* ContentView.swift */,
				EE76AEC72BAEEE4A001EA16B /* HomeView.swift */,
				EE02104F2BAF0EAE00BF0A83 /* Home */,
				EE76AEC92BAEEE52001EA16B /* ExaminationsView.swift */,
				EE76AEC22BAEE75B001EA16B /* Kontrol */,
				EE0210442BAEF3C800BF0A83 /* TabBar.swift */,
			);
			path = Views;
			sourceTree = "<group>";
		};
		EE76AEC02BAEE745001EA16B /* Modal */ = {
			isa = PBXGroup;
			children = (
				EE76AEC32BAEE8C8001EA16B /* Modal.swift */,
				EE76AEC52BAEE8CF001EA16B /* Constants.swift */,
			);
			path = Modal;
			sourceTree = "<group>";
		};
		EE76AEC12BAEE74B001EA16B /* ViewModal */ = {
			isa = PBXGroup;
			children = (
			);
			path = ViewModal;
			sourceTree = "<group>";
		};
		EE76AEC22BAEE75B001EA16B /* Kontrol */ = {
			isa = PBXGroup;
			children = (
			);
			path = Kontrol;
			sourceTree = "<group>";
		};
/* End PBXGroup section */

/* Begin PBXNativeTarget section */
		EE76AEAD2BAEE519001EA16B /* ctrl_brst */ = {
			isa = PBXNativeTarget;
			buildConfigurationList = EE76AEBC2BAEE51A001EA16B /* Build configuration list for PBXNativeTarget "ctrl_brst" */;
			buildPhases = (
				EE76AEAA2BAEE519001EA16B /* Sources */,
				EE76AEAB2BAEE519001EA16B /* Frameworks */,
				EE76AEAC2BAEE519001EA16B /* Resources */,
			);
			buildRules = (
			);
			dependencies = (
			);
			name = ctrl_brst;
			productName = ctrl_brst;
			productReference = EE76AEAE2BAEE519001EA16B /* ctrl_brst.app */;
			productType = "com.apple.product-type.application";
		};
/* End PBXNativeTarget section */

/* Begin PBXProject section */
		EE76AEA62BAEE519001EA16B /* Project object */ = {
			isa = PBXProject;
			attributes = {
				BuildIndependentTargetsInParallel = 1;
				LastSwiftUpdateCheck = 1530;
				LastUpgradeCheck = 1530;
				TargetAttributes = {
					EE76AEAD2BAEE519001EA16B = {
						CreatedOnToolsVersion = 15.3;
					};
				};
			};
			buildConfigurationList = EE76AEA92BAEE519001EA16B /* Build configuration list for PBXProject "ctrl_brst" */;
			compatibilityVersion = "Xcode 14.0";
			developmentRegion = en;
			hasScannedForEncodings = 0;
			knownRegions = (
				en,
				Base,
			);
			mainGroup = EE76AEA52BAEE519001EA16B;
			productRefGroup = EE76AEAF2BAEE519001EA16B /* Products */;
			projectDirPath = "";
			projectRoot = "";
			targets = (
				EE76AEAD2BAEE519001EA16B /* ctrl_brst */,
			);
		};
/* End PBXProject section */

/* Begin PBXResourcesBuildPhase section */
		EE76AEAC2BAEE519001EA16B /* Resources */ = {
			isa = PBXResourcesBuildPhase;
			buildActionMask = 2147483647;
			files = (
				EE02104C2BAEF73C00BF0A83 /* Gordita Medium.otf in Resources */,
				EE76AEB92BAEE51A001EA16B /* Preview Assets.xcassets in Resources */,
				EE02104D2BAEF73C00BF0A83 /* Gordita Regular.otf in Resources */,
				EE76AEB62BAEE51A001EA16B /* Assets.xcassets in Resources */,
			);
			runOnlyForDeploymentPostprocessing = 0;
		};
/* End PBXResourcesBuildPhase section */

/* Begin PBXSourcesBuildPhase section */
		EE76AEAA2BAEE519001EA16B /* Sources */ = {
			isa = PBXSourcesBuildPhase;
			buildActionMask = 2147483647;
			files = (
				EE0210512BAF0EE000BF0A83 /* MenstruatinCardView.swift in Sources */,
				EE76AEC42BAEE8C8001EA16B /* Modal.swift in Sources */,
				EE0210482BAEF5B800BF0A83 /* StyleExtensions.swift in Sources */,
				EE76AECA2BAEEE52001EA16B /* ExaminationsView.swift in Sources */,
				EE76AECC2BAEEF85001EA16B /* ContentView.swift in Sources */,
				EE0210572BAF9F4200BF0A83 /* WarningView.swift in Sources */,
				EE76AEB22BAEE519001EA16B /* ctrl_brstApp.swift in Sources */,
				EE76AEC82BAEEE4A001EA16B /* HomeView.swift in Sources */,
				EE76AEC62BAEE8CF001EA16B /* Constants.swift in Sources */,
				EE0210452BAEF3C800BF0A83 /* TabBar.swift in Sources */,
				EE0210532BAF14B000BF0A83 /* MensturationHScrollView.swift in Sources */,
				EE0210552BAF822800BF0A83 /* MensturationGeneralView.swift in Sources */,
			);
			runOnlyForDeploymentPostprocessing = 0;
		};
/* End PBXSourcesBuildPhase section */

/* Begin XCBuildConfiguration section */
		EE76AEBA2BAEE51A001EA16B /* Debug */ = {
			isa = XCBuildConfiguration;
			buildSettings = {
				ALWAYS_SEARCH_USER_PATHS = NO;
				ASSETCATALOG_COMPILER_GENERATE_SWIFT_ASSET_SYMBOL_EXTENSIONS = YES;
				CLANG_ANALYZER_NONNULL = YES;
				CLANG_ANALYZER_NUMBER_OBJECT_CONVERSION = YES_AGGRESSIVE;
				CLANG_CXX_LANGUAGE_STANDARD = "gnu++20";
				CLANG_ENABLE_MODULES = YES;
				CLANG_ENABLE_OBJC_ARC = YES;
				CLANG_ENABLE_OBJC_WEAK = YES;
				CLANG_WARN_BLOCK_CAPTURE_AUTORELEASING = YES;
				CLANG_WARN_BOOL_CONVERSION = YES;
				CLANG_WARN_COMMA = YES;
				CLANG_WARN_CONSTANT_CONVERSION = YES;
				CLANG_WARN_DEPRECATED_OBJC_IMPLEMENTATIONS = YES;
				CLANG_WARN_DIRECT_OBJC_ISA_USAGE = YES_ERROR;
				CLANG_WARN_DOCUMENTATION_COMMENTS = YES;
				CLANG_WARN_EMPTY_BODY = YES;
				CLANG_WARN_ENUM_CONVERSION = YES;
				CLANG_WARN_INFINITE_RECURSION = YES;
				CLANG_WARN_INT_CONVERSION = YES;
				CLANG_WARN_NON_LITERAL_NULL_CONVERSION = YES;
				CLANG_WARN_OBJC_IMPLICIT_RETAIN_SELF = YES;
				CLANG_WARN_OBJC_LITERAL_CONVERSION = YES;
				CLANG_WARN_OBJC_ROOT_CLASS = YES_ERROR;
				CLANG_WARN_QUOTED_INCLUDE_IN_FRAMEWORK_HEADER = YES;
				CLANG_WARN_RANGE_LOOP_ANALYSIS = YES;
				CLANG_WARN_STRICT_PROTOTYPES = YES;
				CLANG_WARN_SUSPICIOUS_MOVE = YES;
				CLANG_WARN_UNGUARDED_AVAILABILITY = YES_AGGRESSIVE;
				CLANG_WARN_UNREACHABLE_CODE = YES;
				CLANG_WARN__DUPLICATE_METHOD_MATCH = YES;
				COPY_PHASE_STRIP = NO;
				DEBUG_INFORMATION_FORMAT = dwarf;
				ENABLE_STRICT_OBJC_MSGSEND = YES;
				ENABLE_TESTABILITY = YES;
				ENABLE_USER_SCRIPT_SANDBOXING = YES;
				GCC_C_LANGUAGE_STANDARD = gnu17;
				GCC_DYNAMIC_NO_PIC = NO;
				GCC_NO_COMMON_BLOCKS = YES;
				GCC_OPTIMIZATION_LEVEL = 0;
				GCC_PREPROCESSOR_DEFINITIONS = (
					"DEBUG=1",
					"$(inherited)",
				);
				GCC_WARN_64_TO_32_BIT_CONVERSION = YES;
				GCC_WARN_ABOUT_RETURN_TYPE = YES_ERROR;
				GCC_WARN_UNDECLARED_SELECTOR = YES;
				GCC_WARN_UNINITIALIZED_AUTOS = YES_AGGRESSIVE;
				GCC_WARN_UNUSED_FUNCTION = YES;
				GCC_WARN_UNUSED_VARIABLE = YES;
				IPHONEOS_DEPLOYMENT_TARGET = 17.4;
				LOCALIZATION_PREFERS_STRING_CATALOGS = YES;
				MTL_ENABLE_DEBUG_INFO = INCLUDE_SOURCE;
				MTL_FAST_MATH = YES;
				ONLY_ACTIVE_ARCH = YES;
				SDKROOT = iphoneos;
				SWIFT_ACTIVE_COMPILATION_CONDITIONS = "DEBUG $(inherited)";
				SWIFT_OPTIMIZATION_LEVEL = "-Onone";
			};
			name = Debug;
		};
		EE76AEBB2BAEE51A001EA16B /* Release */ = {
			isa = XCBuildConfiguration;
			buildSettings = {
				ALWAYS_SEARCH_USER_PATHS = NO;
				ASSETCATALOG_COMPILER_GENERATE_SWIFT_ASSET_SYMBOL_EXTENSIONS = YES;
				CLANG_ANALYZER_NONNULL = YES;
				CLANG_ANALYZER_NUMBER_OBJECT_CONVERSION = YES_AGGRESSIVE;
				CLANG_CXX_LANGUAGE_STANDARD = "gnu++20";
				CLANG_ENABLE_MODULES = YES;
				CLANG_ENABLE_OBJC_ARC = YES;
				CLANG_ENABLE_OBJC_WEAK = YES;
				CLANG_WARN_BLOCK_CAPTURE_AUTORELEASING = YES;
				CLANG_WARN_BOOL_CONVERSION = YES;
				CLANG_WARN_COMMA = YES;
				CLANG_WARN_CONSTANT_CONVERSION = YES;
				CLANG_WARN_DEPRECATED_OBJC_IMPLEMENTATIONS = YES;
				CLANG_WARN_DIRECT_OBJC_ISA_USAGE = YES_ERROR;
				CLANG_WARN_DOCUMENTATION_COMMENTS = YES;
				CLANG_WARN_EMPTY_BODY = YES;
				CLANG_WARN_ENUM_CONVERSION = YES;
				CLANG_WARN_INFINITE_RECURSION = YES;
				CLANG_WARN_INT_CONVERSION = YES;
				CLANG_WARN_NON_LITERAL_NULL_CONVERSION = YES;
				CLANG_WARN_OBJC_IMPLICIT_RETAIN_SELF = YES;
				CLANG_WARN_OBJC_LITERAL_CONVERSION = YES;
				CLANG_WARN_OBJC_ROOT_CLASS = YES_ERROR;
				CLANG_WARN_QUOTED_INCLUDE_IN_FRAMEWORK_HEADER = YES;
				CLANG_WARN_RANGE_LOOP_ANALYSIS = YES;
				CLANG_WARN_STRICT_PROTOTYPES = YES;
				CLANG_WARN_SUSPICIOUS_MOVE = YES;
				CLANG_WARN_UNGUARDED_AVAILABILITY = YES_AGGRESSIVE;
				CLANG_WARN_UNREACHABLE_CODE = YES;
				CLANG_WARN__DUPLICATE_METHOD_MATCH = YES;
				COPY_PHASE_STRIP = NO;
				DEBUG_INFORMATION_FORMAT = "dwarf-with-dsym";
				ENABLE_NS_ASSERTIONS = NO;
				ENABLE_STRICT_OBJC_MSGSEND = YES;
				ENABLE_USER_SCRIPT_SANDBOXING = YES;
				GCC_C_LANGUAGE_STANDARD = gnu17;
				GCC_NO_COMMON_BLOCKS = YES;
				GCC_WARN_64_TO_32_BIT_CONVERSION = YES;
				GCC_WARN_ABOUT_RETURN_TYPE = YES_ERROR;
				GCC_WARN_UNDECLARED_SELECTOR = YES;
				GCC_WARN_UNINITIALIZED_AUTOS = YES_AGGRESSIVE;
				GCC_WARN_UNUSED_FUNCTION = YES;
				GCC_WARN_UNUSED_VARIABLE = YES;
				IPHONEOS_DEPLOYMENT_TARGET = 17.4;
				LOCALIZATION_PREFERS_STRING_CATALOGS = YES;
				MTL_ENABLE_DEBUG_INFO = NO;
				MTL_FAST_MATH = YES;
				SDKROOT = iphoneos;
				SWIFT_COMPILATION_MODE = wholemodule;
				VALIDATE_PRODUCT = YES;
			};
			name = Release;
		};
		EE76AEBD2BAEE51A001EA16B /* Debug */ = {
			isa = XCBuildConfiguration;
			buildSettings = {
				ASSETCATALOG_COMPILER_APPICON_NAME = AppIcon;
				ASSETCATALOG_COMPILER_GLOBAL_ACCENT_COLOR_NAME = AccentColor;
				CODE_SIGN_STYLE = Automatic;
				CURRENT_PROJECT_VERSION = 1;
				DEVELOPMENT_ASSET_PATHS = "\"ctrl_brst/Preview Content\"";
				DEVELOPMENT_TEAM = S5ZBBP3832;
				ENABLE_PREVIEWS = YES;
				GENERATE_INFOPLIST_FILE = YES;
				INFOPLIST_FILE = "ctrl-brst-Info.plist";
				INFOPLIST_KEY_UIApplicationSceneManifest_Generation = YES;
				INFOPLIST_KEY_UIApplicationSupportsIndirectInputEvents = YES;
				INFOPLIST_KEY_UILaunchScreen_Generation = YES;
				INFOPLIST_KEY_UISupportedInterfaceOrientations_iPad = "UIInterfaceOrientationPortrait UIInterfaceOrientationPortraitUpsideDown UIInterfaceOrientationLandscapeLeft UIInterfaceOrientationLandscapeRight";
				INFOPLIST_KEY_UISupportedInterfaceOrientations_iPhone = "UIInterfaceOrientationPortrait UIInterfaceOrientationLandscapeLeft UIInterfaceOrientationLandscapeRight";
				LD_RUNPATH_SEARCH_PATHS = (
					"$(inherited)",
					"@executable_path/Frameworks",
				);
				MARKETING_VERSION = 1.0;
				PRODUCT_BUNDLE_IDENTIFIER = "me.baytimur.ogulcan.ctrl-brst";
				PRODUCT_NAME = "$(TARGET_NAME)";
				SWIFT_EMIT_LOC_STRINGS = YES;
				SWIFT_VERSION = 5.0;
				TARGETED_DEVICE_FAMILY = "1,2";
			};
			name = Debug;
		};
		EE76AEBE2BAEE51A001EA16B /* Release */ = {
			isa = XCBuildConfiguration;
			buildSettings = {
				ASSETCATALOG_COMPILER_APPICON_NAME = AppIcon;
				ASSETCATALOG_COMPILER_GLOBAL_ACCENT_COLOR_NAME = AccentColor;
				CODE_SIGN_STYLE = Automatic;
				CURRENT_PROJECT_VERSION = 1;
				DEVELOPMENT_ASSET_PATHS = "\"ctrl_brst/Preview Content\"";
				DEVELOPMENT_TEAM = S5ZBBP3832;
				ENABLE_PREVIEWS = YES;
				GENERATE_INFOPLIST_FILE = YES;
				INFOPLIST_FILE = "ctrl-brst-Info.plist";
				INFOPLIST_KEY_UIApplicationSceneManifest_Generation = YES;
				INFOPLIST_KEY_UIApplicationSupportsIndirectInputEvents = YES;
				INFOPLIST_KEY_UILaunchScreen_Generation = YES;
				INFOPLIST_KEY_UISupportedInterfaceOrientations_iPad = "UIInterfaceOrientationPortrait UIInterfaceOrientationPortraitUpsideDown UIInterfaceOrientationLandscapeLeft UIInterfaceOrientationLandscapeRight";
				INFOPLIST_KEY_UISupportedInterfaceOrientations_iPhone = "UIInterfaceOrientationPortrait UIInterfaceOrientationLandscapeLeft UIInterfaceOrientationLandscapeRight";
				LD_RUNPATH_SEARCH_PATHS = (
					"$(inherited)",
					"@executable_path/Frameworks",
				);
				MARKETING_VERSION = 1.0;
				PRODUCT_BUNDLE_IDENTIFIER = "me.baytimur.ogulcan.ctrl-brst";
				PRODUCT_NAME = "$(TARGET_NAME)";
				SWIFT_EMIT_LOC_STRINGS = YES;
				SWIFT_VERSION = 5.0;
				TARGETED_DEVICE_FAMILY = "1,2";
			};
			name = Release;
		};
/* End XCBuildConfiguration section */

/* Begin XCConfigurationList section */
		EE76AEA92BAEE519001EA16B /* Build configuration list for PBXProject "ctrl_brst" */ = {
			isa = XCConfigurationList;
			buildConfigurations = (
				EE76AEBA2BAEE51A001EA16B /* Debug */,
				EE76AEBB2BAEE51A001EA16B /* Release */,
			);
			defaultConfigurationIsVisible = 0;
			defaultConfigurationName = Release;
		};
		EE76AEBC2BAEE51A001EA16B /* Build configuration list for PBXNativeTarget "ctrl_brst" */ = {
			isa = XCConfigurationList;
			buildConfigurations = (
				EE76AEBD2BAEE51A001EA16B /* Debug */,
				EE76AEBE2BAEE51A001EA16B /* Release */,
			);
			defaultConfigurationIsVisible = 0;
			defaultConfigurationName = Release;
		};
/* End XCConfigurationList section */
	};
	rootObject = EE76AEA62BAEE519001EA16B /* Project object */;
}
